# This file is automatically @generated by Cargo.
# It is not intended for manual editing.
[[package]]
name = "bitflags"
version = "1.1.0"
source = "registry+https://github.com/rust-lang/crates.io-index"

[[package]]
name = "byteorder"
version = "1.3.2"
source = "registry+https://github.com/rust-lang/crates.io-index"

[[package]]
name = "cfg-if"
version = "0.1.9"
source = "registry+https://github.com/rust-lang/crates.io-index"

[[package]]
name = "libc"
version = "0.2.59"
source = "registry+https://github.com/rust-lang/crates.io-index"

[[package]]
name = "log"
version = "0.4.7"
source = "registry+https://github.com/rust-lang/crates.io-index"
dependencies = [
 "cfg-if 0.1.9 (registry+https://github.com/rust-lang/crates.io-index)",
]

[[package]]
name = "managed"
version = "0.7.1"
source = "registry+https://github.com/rust-lang/crates.io-index"

[[package]]
name = "seeker"
version = "0.1.0"
dependencies = [
 "libc 0.2.59 (registry+https://github.com/rust-lang/crates.io-index)",
 "log 0.4.7 (registry+https://github.com/rust-lang/crates.io-index)",
 "managed 0.7.1 (registry+https://github.com/rust-lang/crates.io-index)",
 "smoltcp 0.5.0",
]

[[package]]
name = "smoltcp"
version = "0.5.0"
dependencies = [
 "bitflags 1.1.0 (registry+https://github.com/rust-lang/crates.io-index)",
 "byteorder 1.3.2 (registry+https://github.com/rust-lang/crates.io-index)",
 "libc 0.2.59 (registry+https://github.com/rust-lang/crates.io-index)",
 "log 0.4.7 (registry+https://github.com/rust-lang/crates.io-index)",
 "managed 0.7.1 (registry+https://github.com/rust-lang/crates.io-index)",
]

[metadata]
"checksum bitflags 1.1.0 (registry+https://github.com/rust-lang/crates.io-index)" = "3d155346769a6855b86399e9bc3814ab343cd3d62c7e985113d46a0ec3c281fd"
"checksum byteorder 1.3.2 (registry+https://github.com/rust-lang/crates.io-index)" = "a7c3dd8985a7111efc5c80b44e23ecdd8c007de8ade3b96595387e812b957cf5"
"checksum cfg-if 0.1.9 (registry+https://github.com/rust-lang/crates.io-index)" = "b486ce3ccf7ffd79fdeb678eac06a9e6c09fc88d33836340becb8fffe87c5e33"
"checksum libc 0.2.59 (registry+https://github.com/rust-lang/crates.io-index)" = "3262021842bf00fe07dbd6cf34ff25c99d7a7ebef8deea84db72be3ea3bb0aff"
"checksum log 0.4.7 (registry+https://github.com/rust-lang/crates.io-index)" = "c275b6ad54070ac2d665eef9197db647b32239c9d244bfb6f041a766d00da5b3"
"checksum managed 0.7.1 (registry+https://github.com/rust-lang/crates.io-index)" = "fdcec5e97041c7f0f1c5b7d93f12e57293c831c646f4cc7a5db59460c7ea8de6"
